
Microsoft Visual Studio Solution File, Format Version 12.00
# Visual Studio Version 17
VisualStudioVersion = 17.2.32616.157
MinimumVisualStudioVersion = 10.0.40219.1
Project("{9A19103F-16F7-4668-BE54-9A1E7A4F7556}") = "ShopJoaoDias", "ShopJoaoDias\ShopJoaoDias.csproj", "{606AA7B1-352A-4EA1-B7F8-5F6FDECF07D9}"
EndProject
Project("{9A19103F-16F7-4668-BE54-9A1E7A4F7556}") = "DAL", "DAL\DAL.csproj", "{B39BD072-E7FB-47AD-B94A-033907F9A7A9}"
EndProject
Project("{9A19103F-16F7-4668-BE54-9A1E7A4F7556}") = "Entities", "Entities\Entities.csproj", "{973E281F-9596-4CE1-AD8C-BA6F0AF158DA}"
EndProject
Project("{9A19103F-16F7-4668-BE54-9A1E7A4F7556}") = "Services", "Services\Services.csproj", "{0E329408-6F9E-4F51-86ED-D27187ABF5B6}"
EndProject
Project("{9A19103F-16F7-4668-BE54-9A1E7A4F7556}") = "Interfaces", "Interfaces\Interfaces.csproj", "{8707F133-B929-4378-B322-6EE9E41C079F}"
EndProject
Project("{9A19103F-16F7-4668-BE54-9A1E7A4F7556}") = "BL", "BL\BL.csproj", "{1E85DE89-889E-4614-B6BC-98962D7C8075}"
EndProject
Project("{FAE04EC0-301F-11D3-BF4B-00C04F79EFBC}") = "SPHtmlHelper", "SPHtmlHelper\SPHtmlHelper.csproj", "{C9702A4A-6F5E-4946-8DBA-EBC19BD38CF8}"
EndProject
Global
	GlobalSection(SolutionConfigurationPlatforms) = preSolution
		Debug|Any CPU = Debug|Any CPU
		Release|Any CPU = Release|Any CPU
	EndGlobalSection
	GlobalSection(ProjectConfigurationPlatforms) = postSolution
		{606AA7B1-352A-4EA1-B7F8-5F6FDECF07D9}.Debug|Any CPU.ActiveCfg = Debug|Any CPU
		{606AA7B1-352A-4EA1-B7F8-5F6FDECF07D9}.Debug|Any CPU.Build.0 = Debug|Any CPU
		{606AA7B1-352A-4EA1-B7F8-5F6FDECF07D9}.Release|Any CPU.ActiveCfg = Release|Any CPU
		{606AA7B1-352A-4EA1-B7F8-5F6FDECF07D9}.Release|Any CPU.Build.0 = Release|Any CPU
		{B39BD072-E7FB-47AD-B94A-033907F9A7A9}.Debug|Any CPU.ActiveCfg = Debug|Any CPU
		{B39BD072-E7FB-47AD-B94A-033907F9A7A9}.Debug|Any CPU.Build.0 = Debug|Any CPU
		{B39BD072-E7FB-47AD-B94A-033907F9A7A9}.Release|Any CPU.ActiveCfg = Release|Any CPU
		{B39BD072-E7FB-47AD-B94A-033907F9A7A9}.Release|Any CPU.Build.0 = Release|Any CPU
		{973E281F-9596-4CE1-AD8C-BA6F0AF158DA}.Debug|Any CPU.ActiveCfg = Debug|Any CPU
		{973E281F-9596-4CE1-AD8C-BA6F0AF158DA}.Debug|Any CPU.Build.0 = Debug|Any CPU
		{973E281F-9596-4CE1-AD8C-BA6F0AF158DA}.Release|Any CPU.ActiveCfg = Release|Any CPU
		{973E281F-9596-4CE1-AD8C-BA6F0AF158DA}.Release|Any CPU.Build.0 = Release|Any CPU
		{0E329408-6F9E-4F51-86ED-D27187ABF5B6}.Debug|Any CPU.ActiveCfg = Debug|Any CPU
		{0E329408-6F9E-4F51-86ED-D27187ABF5B6}.Debug|Any CPU.Build.0 = Debug|Any CPU
		{0E329408-6F9E-4F51-86ED-D27187ABF5B6}.Release|Any CPU.ActiveCfg = Release|Any CPU
		{0E329408-6F9E-4F51-86ED-D27187ABF5B6}.Release|Any CPU.Build.0 = Release|Any CPU
		{8707F133-B929-4378-B322-6EE9E41C079F}.Debug|Any CPU.ActiveCfg = Debug|Any CPU
		{8707F133-B929-4378-B322-6EE9E41C079F}.Debug|Any CPU.Build.0 = Debug|Any CPU
		{8707F133-B929-4378-B322-6EE9E41C079F}.Release|Any CPU.ActiveCfg = Release|Any CPU
		{8707F133-B929-4378-B322-6EE9E41C079F}.Release|Any CPU.Build.0 = Release|Any CPU
		{1E85DE89-889E-4614-B6BC-98962D7C8075}.Debug|Any CPU.ActiveCfg = Debug|Any CPU
		{1E85DE89-889E-4614-B6BC-98962D7C8075}.Debug|Any CPU.Build.0 = Debug|Any CPU
		{1E85DE89-889E-4614-B6BC-98962D7C8075}.Release|Any CPU.ActiveCfg = Release|Any CPU
		{1E85DE89-889E-4614-B6BC-98962D7C8075}.Release|Any CPU.Build.0 = Release|Any CPU
		{C9702A4A-6F5E-4946-8DBA-EBC19BD38CF8}.Debug|Any CPU.ActiveCfg = Debug|Any CPU
		{C9702A4A-6F5E-4946-8DBA-EBC19BD38CF8}.Debug|Any CPU.Build.0 = Debug|Any CPU
		{C9702A4A-6F5E-4946-8DBA-EBC19BD38CF8}.Release|Any CPU.ActiveCfg = Release|Any CPU
		{C9702A4A-6F5E-4946-8DBA-EBC19BD38CF8}.Release|Any CPU.Build.0 = Release|Any CPU
	EndGlobalSection
	GlobalSection(SolutionProperties) = preSolution
		HideSolutionNode = FALSE
	EndGlobalSection
	GlobalSection(ExtensibilityGlobals) = postSolution
		SolutionGuid = {71B2CF61-2FC5-4024-AE86-D929991BBBB4}
	EndGlobalSection
EndGlobal
